
Microsoft Visual Studio Solution File, Format Version 12.00
# Visual Studio Version 16
VisualStudioVersion = 16.0.28803.452
MinimumVisualStudioVersion = 10.0.40219.1
Project("{FAE04EC0-301F-11D3-BF4B-00C04F79EFBC}") = "EFGetStarted.AspNetCore.ExistingDb", "EFGetStarted.AspNetCore.ExistingDb\EFGetStarted.AspNetCore.ExistingDb.csproj", "{BFCD7F0D-57D4-43FC-95D0-8B09749C80F2}"
EndProject
Global
	GlobalSection(SolutionConfigurationPlatforms) = preSolution
		Debug|Any CPU = Debug|Any CPU
		Release|Any CPU = Release|Any CPU
	EndGlobalSection
	GlobalSection(ProjectConfigurationPlatforms) = postSolution
		{BFCD7F0D-57D4-43FC-95D0-8B09749C80F2}.Debug|Any CPU.ActiveCfg = Debug|Any CPU
		{BFCD7F0D-57D4-43FC-95D0-8B09749C80F2}.Debug|Any CPU.Build.0 = Debug|Any CPU
		{BFCD7F0D-57D4-43FC-95D0-8B09749C80F2}.Release|Any CPU.ActiveCfg = Release|Any CPU
		{BFCD7F0D-57D4-43FC-95D0-8B09749C80F2}.Release|Any CPU.Build.0 = Release|Any CPU
	EndGlobalSection
	GlobalSection(SolutionProperties) = preSolution
		HideSolutionNode = FALSE
	EndGlobalSection
	GlobalSection(ExtensibilityGlobals) = postSolution
		SolutionGuid = {DA78CEC4-0417-4543-9026-4E31985283EF}
	EndGlobalSection
EndGlobal
